// !$*UTF8*$!
{
	archiveVersion = 1;
	classes = {
	};
	objectVersion = 48;
	objects = {

/* Begin PBXBuildFile section */
		926079291FE7310B008FDC9C /* SwiftyImageLoader.framework in Frameworks */ = {isa = PBXBuildFile; fileRef = 9260792A1FE7310B008FDC9C /* SwiftyImageLoader.framework */; };
		92A0E7341FE72B2D00045957 /* AppDelegate.swift in Sources */ = {isa = PBXBuildFile; fileRef = 92A0E7061FE72B2D00045957 /* AppDelegate.swift */; };
		92A0E73D1FE72B2D00045957 /* Images.xcassets in Resources */ = {isa = PBXBuildFile; fileRef = 92A0E7111FE72B2D00045957 /* Images.xcassets */; };
		92A0E73E1FE72B2D00045957 /* Info.plist in Resources */ = {isa = PBXBuildFile; fileRef = 92A0E7121FE72B2D00045957 /* Info.plist */; };
		92A0E73F1FE72B2D00045957 /* Main.storyboard in Resources */ = {isa = PBXBuildFile; fileRef = 92A0E7141FE72B2D00045957 /* Main.storyboard */; };
		92A0E7401FE72B2D00045957 /* MainViewController.swift in Sources */ = {isa = PBXBuildFile; fileRef = 92A0E7171FE72B2D00045957 /* MainViewController.swift */; };
		92A0E7411FE72B2D00045957 /* ButtonImageTableViewCell.swift in Sources */ = {isa = PBXBuildFile; fileRef = 92A0E7191FE72B2D00045957 /* ButtonImageTableViewCell.swift */; };
		92A0E7421FE72B2D00045957 /* ImageTableViewCell.swift in Sources */ = {isa = PBXBuildFile; fileRef = 92A0E71A1FE72B2D00045957 /* ImageTableViewCell.swift */; };
/* End PBXBuildFile section */

/* Begin PBXFileReference section */
		227E2E42D0CEDE81E9D071AD /* README.md */ = {isa = PBXFileReference; includeInIndex = 1; lastKnownFileType = net.daringfireball.markdown; name = README.md; path = ../README.md; sourceTree = "<group>"; };
		607FACD01AFB9204008FA782 /* SwiftyImageLoader_Example_Example.app */ = {isa = PBXFileReference; explicitFileType = wrapper.application; includeInIndex = 0; path = SwiftyImageLoader_Example_Example.app; sourceTree = BUILT_PRODUCTS_DIR; };
		9260792A1FE7310B008FDC9C /* SwiftyImageLoader.framework */ = {isa = PBXFileReference; explicitFileType = wrapper.framework; path = SwiftyImageLoader.framework; sourceTree = BUILT_PRODUCTS_DIR; };
		92A0E7061FE72B2D00045957 /* AppDelegate.swift */ = {isa = PBXFileReference; fileEncoding = 4; lastKnownFileType = sourcecode.swift; path = AppDelegate.swift; sourceTree = "<group>"; };
		92A0E7111FE72B2D00045957 /* Images.xcassets */ = {isa = PBXFileReference; lastKnownFileType = folder.assetcatalog; path = Images.xcassets; sourceTree = "<group>"; };
		92A0E7121FE72B2D00045957 /* Info.plist */ = {isa = PBXFileReference; fileEncoding = 4; lastKnownFileType = text.plist.xml; path = Info.plist; sourceTree = "<group>"; };
		92A0E7151FE72B2D00045957 /* Base */ = {isa = PBXFileReference; lastKnownFileType = file.storyboard; name = Base; path = Base.lproj/Main.storyboard; sourceTree = "<group>"; };
		92A0E7171FE72B2D00045957 /* MainViewController.swift */ = {isa = PBXFileReference; fileEncoding = 4; lastKnownFileType = sourcecode.swift; path = MainViewController.swift; sourceTree = "<group>"; };
		92A0E7191FE72B2D00045957 /* ButtonImageTableViewCell.swift */ = {isa = PBXFileReference; fileEncoding = 4; lastKnownFileType = sourcecode.swift; path = ButtonImageTableViewCell.swift; sourceTree = "<group>"; };
		92A0E71A1FE72B2D00045957 /* ImageTableViewCell.swift */ = {isa = PBXFileReference; fileEncoding = 4; lastKnownFileType = sourcecode.swift; path = ImageTableViewCell.swift; sourceTree = "<group>"; };
		C3B7ACB48C553A0802E16B62 /* SwiftyImageLoader.podspec */ = {isa = PBXFileReference; includeInIndex = 1; lastKnownFileType = text; name = SwiftyImageLoader.podspec; path = ../SwiftyImageLoader.podspec; sourceTree = "<group>"; };
		E2253725E90CE1E945779A98 /* LICENSE */ = {isa = PBXFileReference; includeInIndex = 1; lastKnownFileType = text; name = LICENSE; path = ../LICENSE; sourceTree = "<group>"; };
/* End PBXFileReference section */

/* Begin PBXFrameworksBuildPhase section */
		607FACCD1AFB9204008FA782 /* Frameworks */ = {
			isa = PBXFrameworksBuildPhase;
			buildActionMask = 2147483647;
			files = (
				926079291FE7310B008FDC9C /* SwiftyImageLoader.framework in Frameworks */,
			);
			runOnlyForDeploymentPostprocessing = 0;
		};
/* End PBXFrameworksBuildPhase section */

/* Begin PBXGroup section */
		607FACC71AFB9204008FA782 = {
			isa = PBXGroup;
			children = (
				607FACF51AFB993E008FA782 /* Podspec Metadata */,
				92A0E6E71FE72B2D00045957 /* Example */,
				607FACD11AFB9204008FA782 /* Products */,
				FAC7BE640985BFEF24C45F03 /* Frameworks */,
			);
			sourceTree = "<group>";
		};
		607FACD11AFB9204008FA782 /* Products */ = {
			isa = PBXGroup;
			children = (
				607FACD01AFB9204008FA782 /* SwiftyImageLoader_Example_Example.app */,
			);
			name = Products;
			sourceTree = "<group>";
		};
		607FACF51AFB993E008FA782 /* Podspec Metadata */ = {
			isa = PBXGroup;
			children = (
				C3B7ACB48C553A0802E16B62 /* SwiftyImageLoader.podspec */,
				227E2E42D0CEDE81E9D071AD /* README.md */,
				E2253725E90CE1E945779A98 /* LICENSE */,
			);
			name = "Podspec Metadata";
			sourceTree = "<group>";
		};
		92A0E6E71FE72B2D00045957 /* Example */ = {
			isa = PBXGroup;
			children = (
				92A0E7041FE72B2D00045957 /* SwiftyImageLoader */,
			);
			name = Example;
			sourceTree = "<group>";
		};
		92A0E7041FE72B2D00045957 /* SwiftyImageLoader */ = {
			isa = PBXGroup;
			children = (
				92A0E7051FE72B2D00045957 /* App Delegate */,
				92A0E7101FE72B2D00045957 /* Supporting Files */,
				92A0E7131FE72B2D00045957 /* UI */,
				92A0E7161FE72B2D00045957 /* View Controllers */,
				92A0E7181FE72B2D00045957 /* Views */,
			);
			path = SwiftyImageLoader;
			sourceTree = "<group>";
		};
		92A0E7051FE72B2D00045957 /* App Delegate */ = {
			isa = PBXGroup;
			children = (
				92A0E7061FE72B2D00045957 /* AppDelegate.swift */,
			);
			path = "App Delegate";
			sourceTree = "<group>";
		};
		92A0E7101FE72B2D00045957 /* Supporting Files */ = {
			isa = PBXGroup;
			children = (
				92A0E7111FE72B2D00045957 /* Images.xcassets */,
				92A0E7121FE72B2D00045957 /* Info.plist */,
			);
			path = "Supporting Files";
			sourceTree = "<group>";
		};
		92A0E7131FE72B2D00045957 /* UI */ = {
			isa = PBXGroup;
			children = (
				92A0E7141FE72B2D00045957 /* Main.storyboard */,
			);
			path = UI;
			sourceTree = "<group>";
		};
		92A0E7161FE72B2D00045957 /* View Controllers */ = {
			isa = PBXGroup;
			children = (
				92A0E7171FE72B2D00045957 /* MainViewController.swift */,
			);
			path = "View Controllers";
			sourceTree = "<group>";
		};
		92A0E7181FE72B2D00045957 /* Views */ = {
			isa = PBXGroup;
			children = (
				92A0E7191FE72B2D00045957 /* ButtonImageTableViewCell.swift */,
				92A0E71A1FE72B2D00045957 /* ImageTableViewCell.swift */,
			);
			path = Views;
			sourceTree = "<group>";
		};
		FAC7BE640985BFEF24C45F03 /* Frameworks */ = {
			isa = PBXGroup;
			children = (
				9260792A1FE7310B008FDC9C /* SwiftyImageLoader.framework */,
			);
			name = Frameworks;
			sourceTree = "<group>";
		};
/* End PBXGroup section */

/* Begin PBXNativeTarget section */
		607FACCF1AFB9204008FA782 /* SwiftyImageLoader_Example_Example */ = {
			isa = PBXNativeTarget;
			buildConfigurationList = 607FACEF1AFB9204008FA782 /* Build configuration list for PBXNativeTarget "SwiftyImageLoader_Example_Example" */;
			buildPhases = (
				607FACCC1AFB9204008FA782 /* Sources */,
				607FACCD1AFB9204008FA782 /* Frameworks */,
				607FACCE1AFB9204008FA782 /* Resources */,
			);
			buildRules = (
			);
			dependencies = (
			);
			name = SwiftyImageLoader_Example_Example;
			productName = KFSwiftImageLoader;
			productReference = 607FACD01AFB9204008FA782 /* SwiftyImageLoader_Example_Example.app */;
			productType = "com.apple.product-type.application";
		};
/* End PBXNativeTarget section */

/* Begin PBXProject section */
		607FACC81AFB9204008FA782 /* Project object */ = {
			isa = PBXProject;
			attributes = {
				LastSwiftUpdateCheck = 0720;
				LastUpgradeCheck = 0800;
				ORGANIZATIONNAME = "Kiavash Faisali";
				TargetAttributes = {
					607FACCF1AFB9204008FA782 = {
						CreatedOnToolsVersion = 6.3.1;
						LastSwiftMigration = 0800;
					};
				};
			};
			buildConfigurationList = 607FACCB1AFB9204008FA782 /* Build configuration list for PBXProject "SwiftyImageLoader_Example" */;
			compatibilityVersion = "Xcode 8.0";
			developmentRegion = English;
			hasScannedForEncodings = 0;
			knownRegions = (
				en,
				Base,
			);
			mainGroup = 607FACC71AFB9204008FA782;
			productRefGroup = 607FACD11AFB9204008FA782 /* Products */;
			projectDirPath = "";
			projectRoot = "";
			targets = (
				607FACCF1AFB9204008FA782 /* SwiftyImageLoader_Example_Example */,
			);
		};
/* End PBXProject section */

/* Begin PBXResourcesBuildPhase section */
		607FACCE1AFB9204008FA782 /* Resources */ = {
			isa = PBXResourcesBuildPhase;
			buildActionMask = 2147483647;
			files = (
				92A0E73E1FE72B2D00045957 /* Info.plist in Resources */,
				92A0E73D1FE72B2D00045957 /* Images.xcassets in Resources */,
				92A0E73F1FE72B2D00045957 /* Main.storyboard in Resources */,
			);
			runOnlyForDeploymentPostprocessing = 0;
		};
/* End PBXResourcesBuildPhase section */

/* Begin PBXSourcesBuildPhase section */
		607FACCC1AFB9204008FA782 /* Sources */ = {
			isa = PBXSourcesBuildPhase;
			buildActionMask = 2147483647;
			files = (
				92A0E7341FE72B2D00045957 /* AppDelegate.swift in Sources */,
				92A0E7411FE72B2D00045957 /* ButtonImageTableViewCell.swift in Sources */,
				92A0E7401FE72B2D00045957 /* MainViewController.swift in Sources */,
				92A0E7421FE72B2D00045957 /* ImageTableViewCell.swift in Sources */,
			);
			runOnlyForDeploymentPostprocessing = 0;
		};
/* End PBXSourcesBuildPhase section */

/* Begin PBXVariantGroup section */
		92A0E7141FE72B2D00045957 /* Main.storyboard */ = {
			isa = PBXVariantGroup;
			children = (
				92A0E7151FE72B2D00045957 /* Base */,
			);
			name = Main.storyboard;
			sourceTree = "<group>";
		};
/* End PBXVariantGroup section */

/* Begin XCBuildConfiguration section */
		607FACED1AFB9204008FA782 /* Debug */ = {
			isa = XCBuildConfiguration;
			buildSettings = {
				ALWAYS_SEARCH_USER_PATHS = NO;
				CLANG_CXX_LANGUAGE_STANDARD = "gnu++0x";
				CLANG_CXX_LIBRARY = "libc++";
				CLANG_ENABLE_MODULES = YES;
				CLANG_ENABLE_OBJC_ARC = YES;
				CLANG_WARN_BOOL_CONVERSION = YES;
				CLANG_WARN_CONSTANT_CONVERSION = YES;
				CLANG_WARN_DIRECT_OBJC_ISA_USAGE = YES_ERROR;
				CLANG_WARN_EMPTY_BODY = YES;
				CLANG_WARN_ENUM_CONVERSION = YES;
				CLANG_WARN_INFINITE_RECURSION = YES;
				CLANG_WARN_INT_CONVERSION = YES;
				CLANG_WARN_OBJC_ROOT_CLASS = YES_ERROR;
				CLANG_WARN_SUSPICIOUS_MOVE = YES;
				CLANG_WARN_UNREACHABLE_CODE = YES;
				CLANG_WARN__DUPLICATE_METHOD_MATCH = YES;
				"CODE_SIGN_IDENTITY[sdk=iphoneos*]" = "iPhone Developer";
				COPY_PHASE_STRIP = NO;
				DEBUG_INFORMATION_FORMAT = "dwarf-with-dsym";
				ENABLE_STRICT_OBJC_MSGSEND = YES;
				ENABLE_TESTABILITY = YES;
				GCC_C_LANGUAGE_STANDARD = gnu99;
				GCC_DYNAMIC_NO_PIC = NO;
				GCC_NO_COMMON_BLOCKS = YES;
				GCC_OPTIMIZATION_LEVEL = 0;
				GCC_PREPROCESSOR_DEFINITIONS = (
					"DEBUG=1",
					"$(inherited)",
				);
				GCC_SYMBOLS_PRIVATE_EXTERN = NO;
				GCC_WARN_64_TO_32_BIT_CONVERSION = YES;
				GCC_WARN_ABOUT_RETURN_TYPE = YES_ERROR;
				GCC_WARN_UNDECLARED_SELECTOR = YES;
				GCC_WARN_UNINITIALIZED_AUTOS = YES_AGGRESSIVE;
				GCC_WARN_UNUSED_FUNCTION = YES;
				GCC_WARN_UNUSED_VARIABLE = YES;
				IPHONEOS_DEPLOYMENT_TARGET = 9.0;
				MTL_ENABLE_DEBUG_INFO = YES;
				ONLY_ACTIVE_ARCH = YES;
				SDKROOT = iphoneos;
				SWIFT_OPTIMIZATION_LEVEL = "-Onone";
			};
			name = Debug;
		};
		607FACEE1AFB9204008FA782 /* Release */ = {
			isa = XCBuildConfiguration;
			buildSettings = {
				ALWAYS_SEARCH_USER_PATHS = NO;
				CLANG_CXX_LANGUAGE_STANDARD = "gnu++0x";
				CLANG_CXX_LIBRARY = "libc++";
				CLANG_ENABLE_MODULES = YES;
				CLANG_ENABLE_OBJC_ARC = YES;
				CLANG_WARN_BOOL_CONVERSION = YES;
				CLANG_WARN_CONSTANT_CONVERSION = YES;
				CLANG_WARN_DIRECT_OBJC_ISA_USAGE = YES_ERROR;
				CLANG_WARN_EMPTY_BODY = YES;
				CLANG_WARN_ENUM_CONVERSION = YES;
				CLANG_WARN_INFINITE_RECURSION = YES;
				CLANG_WARN_INT_CONVERSION = YES;
				CLANG_WARN_OBJC_ROOT_CLASS = YES_ERROR;
				CLANG_WARN_SUSPICIOUS_MOVE = YES;
				CLANG_WARN_UNREACHABLE_CODE = YES;
				CLANG_WARN__DUPLICATE_METHOD_MATCH = YES;
				"CODE_SIGN_IDENTITY[sdk=iphoneos*]" = "iPhone Developer";
				COPY_PHASE_STRIP = NO;
				DEBUG_INFORMATION_FORMAT = "dwarf-with-dsym";
				ENABLE_NS_ASSERTIONS = NO;
				ENABLE_STRICT_OBJC_MSGSEND = YES;
				GCC_C_LANGUAGE_STANDARD = gnu99;
				GCC_NO_COMMON_BLOCKS = YES;
				GCC_WARN_64_TO_32_BIT_CONVERSION = YES;
				GCC_WARN_ABOUT_RETURN_TYPE = YES_ERROR;
				GCC_WARN_UNDECLARED_SELECTOR = YES;
				GCC_WARN_UNINITIALIZED_AUTOS = YES_AGGRESSIVE;
				GCC_WARN_UNUSED_FUNCTION = YES;
				GCC_WARN_UNUSED_VARIABLE = YES;
				IPHONEOS_DEPLOYMENT_TARGET = 9.0;
				MTL_ENABLE_DEBUG_INFO = NO;
				SDKROOT = iphoneos;
				SWIFT_OPTIMIZATION_LEVEL = "-Owholemodule";
				VALIDATE_PRODUCT = YES;
			};
			name = Release;
		};
		607FACF01AFB9204008FA782 /* Debug */ = {
			isa = XCBuildConfiguration;
			buildSettings = {
				ALWAYS_EMBED_SWIFT_STANDARD_LIBRARIES = YES;
				ASSETCATALOG_COMPILER_APPICON_NAME = AppIcon;
				ASSETCATALOG_COMPILER_LAUNCHIMAGE_NAME = LaunchImage;
				DEVELOPMENT_TEAM = U7L4DVX4HA;
				INFOPLIST_FILE = "$(SRCROOT)/SwiftyImageLoader/Supporting Files/Info.plist";
				IPHONEOS_DEPLOYMENT_TARGET = 9.3;
				LD_RUNPATH_SEARCH_PATHS = "$(inherited) @executable_path/Frameworks";
				MODULE_NAME = ExampleApp;
				PRODUCT_BUNDLE_IDENTIFIER = com.peejweej.inc.imageloader;
				PRODUCT_NAME = "$(TARGET_NAME)";
				SWIFT_VERSION = 3.0;
				TARGETED_DEVICE_FAMILY = "1,2";
			};
			name = Debug;
		};
		607FACF11AFB9204008FA782 /* Release */ = {
			isa = XCBuildConfiguration;
			buildSettings = {
				ALWAYS_EMBED_SWIFT_STANDARD_LIBRARIES = YES;
				ASSETCATALOG_COMPILER_APPICON_NAME = AppIcon;
				ASSETCATALOG_COMPILER_LAUNCHIMAGE_NAME = LaunchImage;
				DEVELOPMENT_TEAM = U7L4DVX4HA;
				INFOPLIST_FILE = "$(SRCROOT)/SwiftyImageLoader/Supporting Files/Info.plist";
				IPHONEOS_DEPLOYMENT_TARGET = 9.3;
				LD_RUNPATH_SEARCH_PATHS = "$(inherited) @executable_path/Frameworks";
				MODULE_NAME = ExampleApp;
				PRODUCT_BUNDLE_IDENTIFIER = com.peejweej.inc.imageloader;
				PRODUCT_NAME = "$(TARGET_NAME)";
				SWIFT_VERSION = 3.0;
				TARGETED_DEVICE_FAMILY = "1,2";
			};
			name = Release;
		};
/* End XCBuildConfiguration section */

/* Begin XCConfigurationList section */
		607FACCB1AFB9204008FA782 /* Build configuration list for PBXProject "SwiftyImageLoader_Example" */ = {
			isa = XCConfigurationList;
			buildConfigurations = (
				607FACED1AFB9204008FA782 /* Debug */,
				607FACEE1AFB9204008FA782 /* Release */,
			);
			defaultConfigurationIsVisible = 0;
			defaultConfigurationName = Release;
		};
		607FACEF1AFB9204008FA782 /* Build configuration list for PBXNativeTarget "SwiftyImageLoader_Example_Example" */ = {
			isa = XCConfigurationList;
			buildConfigurations = (
				607FACF01AFB9204008FA782 /* Debug */,
				607FACF11AFB9204008FA782 /* Release */,
			);
			defaultConfigurationIsVisible = 0;
			defaultConfigurationName = Release;
		};
/* End XCConfigurationList section */
	};
	rootObject = 607FACC81AFB9204008FA782 /* Project object */;
}
